
Microsoft Visual Studio Solution File, Format Version 12.00
# Visual Studio Version 17
VisualStudioVersion = 17.0.31903.59
MinimumVisualStudioVersion = 10.0.40219.1
Project("{FAE04EC0-301F-11D3-BF4B-00C04F79EFBC}") = "ForumPlatform.API", "ForumPlatform.API\ForumPlatform.API.csproj", "{06979E30-C345-4A82-9E2D-B36C329BE015}"
EndProject
Project("{FAE04EC0-301F-11D3-BF4B-00C04F79EFBC}") = "ForumPlatform.Business", "ForumPlatform.Business\ForumPlatform.Business.csproj", "{75380F0C-B842-4A4F-89F0-7651BAE562A7}"
EndProject
Project("{FAE04EC0-301F-11D3-BF4B-00C04F79EFBC}") = "ForumPlatform.Data", "ForumPlatform.Data\ForumPlatform.Data.csproj", "{27A09029-D2AC-42A6-B4D5-F72649B97629}"
EndProject
Global
	GlobalSection(SolutionConfigurationPlatforms) = preSolution
		Debug|Any CPU = Debug|Any CPU
		Debug|x64 = Debug|x64
		Debug|x86 = Debug|x86
		Release|Any CPU = Release|Any CPU
		Release|x64 = Release|x64
		Release|x86 = Release|x86
	EndGlobalSection
	GlobalSection(ProjectConfigurationPlatforms) = postSolution
		{06979E30-C345-4A82-9E2D-B36C329BE015}.Debug|Any CPU.ActiveCfg = Debug|Any CPU
		{06979E30-C345-4A82-9E2D-B36C329BE015}.Debug|Any CPU.Build.0 = Debug|Any CPU
		{06979E30-C345-4A82-9E2D-B36C329BE015}.Debug|x64.ActiveCfg = Debug|Any CPU
		{06979E30-C345-4A82-9E2D-B36C329BE015}.Debug|x64.Build.0 = Debug|Any CPU
		{06979E30-C345-4A82-9E2D-B36C329BE015}.Debug|x86.ActiveCfg = Debug|Any CPU
		{06979E30-C345-4A82-9E2D-B36C329BE015}.Debug|x86.Build.0 = Debug|Any CPU
		{06979E30-C345-4A82-9E2D-B36C329BE015}.Release|Any CPU.ActiveCfg = Release|Any CPU
		{06979E30-C345-4A82-9E2D-B36C329BE015}.Release|Any CPU.Build.0 = Release|Any CPU
		{06979E30-C345-4A82-9E2D-B36C329BE015}.Release|x64.ActiveCfg = Release|Any CPU
		{06979E30-C345-4A82-9E2D-B36C329BE015}.Release|x64.Build.0 = Release|Any CPU
		{06979E30-C345-4A82-9E2D-B36C329BE015}.Release|x86.ActiveCfg = Release|Any CPU
		{06979E30-C345-4A82-9E2D-B36C329BE015}.Release|x86.Build.0 = Release|Any CPU
		{75380F0C-B842-4A4F-89F0-7651BAE562A7}.Debug|Any CPU.ActiveCfg = Debug|Any CPU
		{75380F0C-B842-4A4F-89F0-7651BAE562A7}.Debug|Any CPU.Build.0 = Debug|Any CPU
		{75380F0C-B842-4A4F-89F0-7651BAE562A7}.Debug|x64.ActiveCfg = Debug|Any CPU
		{75380F0C-B842-4A4F-89F0-7651BAE562A7}.Debug|x64.Build.0 = Debug|Any CPU
		{75380F0C-B842-4A4F-89F0-7651BAE562A7}.Debug|x86.ActiveCfg = Debug|Any CPU
		{75380F0C-B842-4A4F-89F0-7651BAE562A7}.Debug|x86.Build.0 = Debug|Any CPU
		{75380F0C-B842-4A4F-89F0-7651BAE562A7}.Release|Any CPU.ActiveCfg = Release|Any CPU
		{75380F0C-B842-4A4F-89F0-7651BAE562A7}.Release|Any CPU.Build.0 = Release|Any CPU
		{75380F0C-B842-4A4F-89F0-7651BAE562A7}.Release|x64.ActiveCfg = Release|Any CPU
		{75380F0C-B842-4A4F-89F0-7651BAE562A7}.Release|x64.Build.0 = Release|Any CPU
		{75380F0C-B842-4A4F-89F0-7651BAE562A7}.Release|x86.ActiveCfg = Release|Any CPU
		{75380F0C-B842-4A4F-89F0-7651BAE562A7}.Release|x86.Build.0 = Release|Any CPU
		{27A09029-D2AC-42A6-B4D5-F72649B97629}.Debug|Any CPU.ActiveCfg = Debug|Any CPU
		{27A09029-D2AC-42A6-B4D5-F72649B97629}.Debug|Any CPU.Build.0 = Debug|Any CPU
		{27A09029-D2AC-42A6-B4D5-F72649B97629}.Debug|x64.ActiveCfg = Debug|Any CPU
		{27A09029-D2AC-42A6-B4D5-F72649B97629}.Debug|x64.Build.0 = Debug|Any CPU
		{27A09029-D2AC-42A6-B4D5-F72649B97629}.Debug|x86.ActiveCfg = Debug|Any CPU
		{27A09029-D2AC-42A6-B4D5-F72649B97629}.Debug|x86.Build.0 = Debug|Any CPU
		{27A09029-D2AC-42A6-B4D5-F72649B97629}.Release|Any CPU.ActiveCfg = Release|Any CPU
		{27A09029-D2AC-42A6-B4D5-F72649B97629}.Release|Any CPU.Build.0 = Release|Any CPU
		{27A09029-D2AC-42A6-B4D5-F72649B97629}.Release|x64.ActiveCfg = Release|Any CPU
		{27A09029-D2AC-42A6-B4D5-F72649B97629}.Release|x64.Build.0 = Release|Any CPU
		{27A09029-D2AC-42A6-B4D5-F72649B97629}.Release|x86.ActiveCfg = Release|Any CPU
		{27A09029-D2AC-42A6-B4D5-F72649B97629}.Release|x86.Build.0 = Release|Any CPU
	EndGlobalSection
	GlobalSection(SolutionProperties) = preSolution
		HideSolutionNode = FALSE
	EndGlobalSection
EndGlobal
