
Microsoft Visual Studio Solution File, Format Version 12.00
# Visual Studio Version 17
VisualStudioVersion = 17.0.31903.59
MinimumVisualStudioVersion = 10.0.40219.1
Project("{FAE04EC0-301F-11D3-BF4B-00C04F79EFBC}") = "MovieArchive.API", "MovieArchive.API\MovieArchive.API.csproj", "{0BBFD218-2C42-4926-B7B5-139D04A3F4DC}"
EndProject
Project("{FAE04EC0-301F-11D3-BF4B-00C04F79EFBC}") = "MovieArchive.Business", "MovieArchive.Business\MovieArchive.Business.csproj", "{B29D3E2D-6B65-42BD-AF6D-B60C71D48078}"
EndProject
Project("{FAE04EC0-301F-11D3-BF4B-00C04F79EFBC}") = "MovieArchive.Data", "MovieArchive.Data\MovieArchive.Data.csproj", "{D18E2A00-B9D0-46C1-B5FE-2B508700C9EA}"
EndProject
Global
	GlobalSection(SolutionConfigurationPlatforms) = preSolution
		Debug|Any CPU = Debug|Any CPU
		Debug|x64 = Debug|x64
		Debug|x86 = Debug|x86
		Release|Any CPU = Release|Any CPU
		Release|x64 = Release|x64
		Release|x86 = Release|x86
	EndGlobalSection
	GlobalSection(ProjectConfigurationPlatforms) = postSolution
		{0BBFD218-2C42-4926-B7B5-139D04A3F4DC}.Debug|Any CPU.ActiveCfg = Debug|Any CPU
		{0BBFD218-2C42-4926-B7B5-139D04A3F4DC}.Debug|Any CPU.Build.0 = Debug|Any CPU
		{0BBFD218-2C42-4926-B7B5-139D04A3F4DC}.Debug|x64.ActiveCfg = Debug|Any CPU
		{0BBFD218-2C42-4926-B7B5-139D04A3F4DC}.Debug|x64.Build.0 = Debug|Any CPU
		{0BBFD218-2C42-4926-B7B5-139D04A3F4DC}.Debug|x86.ActiveCfg = Debug|Any CPU
		{0BBFD218-2C42-4926-B7B5-139D04A3F4DC}.Debug|x86.Build.0 = Debug|Any CPU
		{0BBFD218-2C42-4926-B7B5-139D04A3F4DC}.Release|Any CPU.ActiveCfg = Release|Any CPU
		{0BBFD218-2C42-4926-B7B5-139D04A3F4DC}.Release|Any CPU.Build.0 = Release|Any CPU
		{0BBFD218-2C42-4926-B7B5-139D04A3F4DC}.Release|x64.ActiveCfg = Release|Any CPU
		{0BBFD218-2C42-4926-B7B5-139D04A3F4DC}.Release|x64.Build.0 = Release|Any CPU
		{0BBFD218-2C42-4926-B7B5-139D04A3F4DC}.Release|x86.ActiveCfg = Release|Any CPU
		{0BBFD218-2C42-4926-B7B5-139D04A3F4DC}.Release|x86.Build.0 = Release|Any CPU
		{B29D3E2D-6B65-42BD-AF6D-B60C71D48078}.Debug|Any CPU.ActiveCfg = Debug|Any CPU
		{B29D3E2D-6B65-42BD-AF6D-B60C71D48078}.Debug|Any CPU.Build.0 = Debug|Any CPU
		{B29D3E2D-6B65-42BD-AF6D-B60C71D48078}.Debug|x64.ActiveCfg = Debug|Any CPU
		{B29D3E2D-6B65-42BD-AF6D-B60C71D48078}.Debug|x64.Build.0 = Debug|Any CPU
		{B29D3E2D-6B65-42BD-AF6D-B60C71D48078}.Debug|x86.ActiveCfg = Debug|Any CPU
		{B29D3E2D-6B65-42BD-AF6D-B60C71D48078}.Debug|x86.Build.0 = Debug|Any CPU
		{B29D3E2D-6B65-42BD-AF6D-B60C71D48078}.Release|Any CPU.ActiveCfg = Release|Any CPU
		{B29D3E2D-6B65-42BD-AF6D-B60C71D48078}.Release|Any CPU.Build.0 = Release|Any CPU
		{B29D3E2D-6B65-42BD-AF6D-B60C71D48078}.Release|x64.ActiveCfg = Release|Any CPU
		{B29D3E2D-6B65-42BD-AF6D-B60C71D48078}.Release|x64.Build.0 = Release|Any CPU
		{B29D3E2D-6B65-42BD-AF6D-B60C71D48078}.Release|x86.ActiveCfg = Release|Any CPU
		{B29D3E2D-6B65-42BD-AF6D-B60C71D48078}.Release|x86.Build.0 = Release|Any CPU
		{D18E2A00-B9D0-46C1-B5FE-2B508700C9EA}.Debug|Any CPU.ActiveCfg = Debug|Any CPU
		{D18E2A00-B9D0-46C1-B5FE-2B508700C9EA}.Debug|Any CPU.Build.0 = Debug|Any CPU
		{D18E2A00-B9D0-46C1-B5FE-2B508700C9EA}.Debug|x64.ActiveCfg = Debug|Any CPU
		{D18E2A00-B9D0-46C1-B5FE-2B508700C9EA}.Debug|x64.Build.0 = Debug|Any CPU
		{D18E2A00-B9D0-46C1-B5FE-2B508700C9EA}.Debug|x86.ActiveCfg = Debug|Any CPU
		{D18E2A00-B9D0-46C1-B5FE-2B508700C9EA}.Debug|x86.Build.0 = Debug|Any CPU
		{D18E2A00-B9D0-46C1-B5FE-2B508700C9EA}.Release|Any CPU.ActiveCfg = Release|Any CPU
		{D18E2A00-B9D0-46C1-B5FE-2B508700C9EA}.Release|Any CPU.Build.0 = Release|Any CPU
		{D18E2A00-B9D0-46C1-B5FE-2B508700C9EA}.Release|x64.ActiveCfg = Release|Any CPU
		{D18E2A00-B9D0-46C1-B5FE-2B508700C9EA}.Release|x64.Build.0 = Release|Any CPU
		{D18E2A00-B9D0-46C1-B5FE-2B508700C9EA}.Release|x86.ActiveCfg = Release|Any CPU
		{D18E2A00-B9D0-46C1-B5FE-2B508700C9EA}.Release|x86.Build.0 = Release|Any CPU
	EndGlobalSection
	GlobalSection(SolutionProperties) = preSolution
		HideSolutionNode = FALSE
	EndGlobalSection
EndGlobal
